
Microsoft Visual Studio Solution File, Format Version 12.00
# Visual Studio Version 16
VisualStudioVersion = 16.0.31424.327
MinimumVisualStudioVersion = 10.0.40219.1
Project("{FAE04EC0-301F-11D3-BF4B-00C04F79EFBC}") = "ConsoleUI", "ConsoleUI\ConsoleUI.csproj", "{3729CC0F-BDCC-419B-8A0B-E9773AB47E2B}"
EndProject
Global
	GlobalSection(SolutionConfigurationPlatforms) = preSolution
		Debug|Any CPU = Debug|Any CPU
		Release|Any CPU = Release|Any CPU
	EndGlobalSection
	GlobalSection(ProjectConfigurationPlatforms) = postSolution
		{3729CC0F-BDCC-419B-8A0B-E9773AB47E2B}.Debug|Any CPU.ActiveCfg = Debug|Any CPU
		{3729CC0F-BDCC-419B-8A0B-E9773AB47E2B}.Debug|Any CPU.Build.0 = Debug|Any CPU
		{3729CC0F-BDCC-419B-8A0B-E9773AB47E2B}.Release|Any CPU.ActiveCfg = Release|Any CPU
		{3729CC0F-BDCC-419B-8A0B-E9773AB47E2B}.Release|Any CPU.Build.0 = Release|Any CPU
	EndGlobalSection
	GlobalSection(SolutionProperties) = preSolution
		HideSolutionNode = FALSE
	EndGlobalSection
	GlobalSection(ExtensibilityGlobals) = postSolution
		SolutionGuid = {617E3E6E-1447-471D-8659-47A32B25968D}
	EndGlobalSection
EndGlobal
