
Microsoft Visual Studio Solution File, Format Version 12.00
# Visual Studio Version 16
VisualStudioVersion = 16.0.808.4
MinimumVisualStudioVersion = 10.0.40219.1
Project("{FAE04EC0-301F-11D3-BF4B-00C04F79EFBC}") = "ConsoleUI", "ConsoleUI\ConsoleUI.csproj", "{D09B1F89-B9F1-416D-9074-E0E780942D5F}"
EndProject
Project("{2150E333-8FDC-42A3-9474-1A3956D46DE8}") = "Homework", "Homework", "{A2E83130-ADE2-4C92-99F0-4D877BE747E1}"
EndProject
Project("{FAE04EC0-301F-11D3-BF4B-00C04F79EFBC}") = "Module02Lesson02Homework", "Module02Lesson02Homework\Module02Lesson02Homework.csproj", "{5BF3E54B-2C11-4441-8111-3069F4CA1ABF}"
EndProject
Global
	GlobalSection(SolutionConfigurationPlatforms) = preSolution
		Debug|Any CPU = Debug|Any CPU
		Release|Any CPU = Release|Any CPU
	EndGlobalSection
	GlobalSection(ProjectConfigurationPlatforms) = postSolution
		{D09B1F89-B9F1-416D-9074-E0E780942D5F}.Debug|Any CPU.ActiveCfg = Debug|Any CPU
		{D09B1F89-B9F1-416D-9074-E0E780942D5F}.Debug|Any CPU.Build.0 = Debug|Any CPU
		{D09B1F89-B9F1-416D-9074-E0E780942D5F}.Release|Any CPU.ActiveCfg = Release|Any CPU
		{D09B1F89-B9F1-416D-9074-E0E780942D5F}.Release|Any CPU.Build.0 = Release|Any CPU
		{5BF3E54B-2C11-4441-8111-3069F4CA1ABF}.Debug|Any CPU.ActiveCfg = Debug|Any CPU
		{5BF3E54B-2C11-4441-8111-3069F4CA1ABF}.Debug|Any CPU.Build.0 = Debug|Any CPU
		{5BF3E54B-2C11-4441-8111-3069F4CA1ABF}.Release|Any CPU.ActiveCfg = Release|Any CPU
		{5BF3E54B-2C11-4441-8111-3069F4CA1ABF}.Release|Any CPU.Build.0 = Release|Any CPU
	EndGlobalSection
	GlobalSection(SolutionProperties) = preSolution
		HideSolutionNode = FALSE
	EndGlobalSection
	GlobalSection(ExtensibilityGlobals) = postSolution
		SolutionGuid = {C7DAF8D1-0C4A-4F12-931A-77B3906C1821}
	EndGlobalSection
	GlobalSection(NestedProjects) = preSolution
		{5BF3E54B-2C11-4441-8111-3069F4CA1ABF} = {A2E83130-ADE2-4C92-99F0-4D877BE747E1}
	EndGlobalSection
EndGlobal
