
Microsoft Visual Studio Solution File, Format Version 12.00
# Visual Studio Version 16
VisualStudioVersion = 16.0.31424.327
MinimumVisualStudioVersion = 10.0.40219.1
Project("{FAE04EC0-301F-11D3-BF4B-00C04F79EFBC}") = "ConsoleUI", "ConsoleUI\ConsoleUI.csproj", "{416DF1C8-DE86-4750-8846-D265B6A0DB14}"
EndProject
Global
	GlobalSection(SolutionConfigurationPlatforms) = preSolution
		Debug|Any CPU = Debug|Any CPU
		Release|Any CPU = Release|Any CPU
	EndGlobalSection
	GlobalSection(ProjectConfigurationPlatforms) = postSolution
		{416DF1C8-DE86-4750-8846-D265B6A0DB14}.Debug|Any CPU.ActiveCfg = Debug|Any CPU
		{416DF1C8-DE86-4750-8846-D265B6A0DB14}.Debug|Any CPU.Build.0 = Debug|Any CPU
		{416DF1C8-DE86-4750-8846-D265B6A0DB14}.Release|Any CPU.ActiveCfg = Release|Any CPU
		{416DF1C8-DE86-4750-8846-D265B6A0DB14}.Release|Any CPU.Build.0 = Release|Any CPU
	EndGlobalSection
	GlobalSection(SolutionProperties) = preSolution
		HideSolutionNode = FALSE
	EndGlobalSection
	GlobalSection(ExtensibilityGlobals) = postSolution
		SolutionGuid = {13D7FB17-5BFB-428D-BA1D-DC9C88858572}
	EndGlobalSection
EndGlobal
